{
  "repo": "anotherpanacea-eng/setec-voiceprint",
  "subdir": "plugins/setec-voiceprint",
  "tag": "v1.127.0",
  "commit": "d29a337503a63e90318539739a1401583700ef88",
  "plugin_version": "1.127.0",
  "setec_version": "1.127.0",
  "manifest_schema_version": "0.3.0",
  "source": "https://github.com/anotherpanacea-eng/setec-voiceprint/releases/tag/v1.127.0",
  "provisional": false
}
